// !$*UTF8*$!
{
	archiveVersion = 1;
	classes = {
	};
	objectVersion = 56;
	objects = {

/* Begin PBXBuildFile section */
		7021BC7C2BFE1A3100FBEAFC /* Routes.swift in Sources */ = {isa = PBXBuildFile; fileRef = 7021BC7B2BFE1A3100FBEAFC /* Routes.swift */; };
		7021BC802BFF160700FBEAFC /* NukeUI in Frameworks */ = {isa = PBXBuildFile; productRef = 7021BC7F2BFF160700FBEAFC /* NukeUI */; };
		705549802C0EBDC4005F0E16 /* HomeViewTests.swift in Sources */ = {isa = PBXBuildFile; fileRef = 7055497F2C0EBDC4005F0E16 /* HomeViewTests.swift */; };
		705549822C0F20C7005F0E16 /* DetailsViewTests.swift in Sources */ = {isa = PBXBuildFile; fileRef = 705549812C0F20C7005F0E16 /* DetailsViewTests.swift */; };
		705549842C0F2B8C005F0E16 /* MediaViewTests.swift in Sources */ = {isa = PBXBuildFile; fileRef = 705549832C0F2B8C005F0E16 /* MediaViewTests.swift */; };
		705F9D5B2BBED48B004B1EA0 /* TheMovieDatabase_TCAApp.swift in Sources */ = {isa = PBXBuildFile; fileRef = 705F9D5A2BBED48B004B1EA0 /* TheMovieDatabase_TCAApp.swift */; };
		705F9D5D2BBED48B004B1EA0 /* RootView.swift in Sources */ = {isa = PBXBuildFile; fileRef = 705F9D5C2BBED48B004B1EA0 /* RootView.swift */; };
		705F9D5F2BBED48C004B1EA0 /* Assets.xcassets in Resources */ = {isa = PBXBuildFile; fileRef = 705F9D5E2BBED48C004B1EA0 /* Assets.xcassets */; };
		705F9D622BBED48C004B1EA0 /* Preview Assets.xcassets in Resources */ = {isa = PBXBuildFile; fileRef = 705F9D612BBED48C004B1EA0 /* Preview Assets.xcassets */; };
		705F9D6A2BBED8B9004B1EA0 /* ComposableArchitecture in Frameworks */ = {isa = PBXBuildFile; productRef = 705F9D692BBED8B9004B1EA0 /* ComposableArchitecture */; };
		705F9D702BBEE0B9004B1EA0 /* NetworkUtility.swift in Sources */ = {isa = PBXBuildFile; fileRef = 705F9D6F2BBEE0B9004B1EA0 /* NetworkUtility.swift */; };
		705F9D732BBEE1D5004B1EA0 /* HomeView.swift in Sources */ = {isa = PBXBuildFile; fileRef = 705F9D722BBEE1D5004B1EA0 /* HomeView.swift */; };
		705F9D752BBEE1E6004B1EA0 /* HomeViewReducer.swift in Sources */ = {isa = PBXBuildFile; fileRef = 705F9D742BBEE1E6004B1EA0 /* HomeViewReducer.swift */; };
		705F9D772BBEE289004B1EA0 /* Media.swift in Sources */ = {isa = PBXBuildFile; fileRef = 705F9D762BBEE289004B1EA0 /* Media.swift */; };
		705F9D792BBEE322004B1EA0 /* APIClient.swift in Sources */ = {isa = PBXBuildFile; fileRef = 705F9D782BBEE322004B1EA0 /* APIClient.swift */; };
		705F9D7B2BBEE36D004B1EA0 /* MediaCell.swift in Sources */ = {isa = PBXBuildFile; fileRef = 705F9D7A2BBEE36D004B1EA0 /* MediaCell.swift */; };
		705F9D7F2BBEF83E004B1EA0 /* HomeSectionData.swift in Sources */ = {isa = PBXBuildFile; fileRef = 705F9D7E2BBEF83E004B1EA0 /* HomeSectionData.swift */; };
		705F9D812BBEFC7D004B1EA0 /* SearchResultCell.swift in Sources */ = {isa = PBXBuildFile; fileRef = 705F9D802BBEFC7D004B1EA0 /* SearchResultCell.swift */; };
		705F9D842BBF06CD004B1EA0 /* MediaView.swift in Sources */ = {isa = PBXBuildFile; fileRef = 705F9D832BBF06CD004B1EA0 /* MediaView.swift */; };
		705F9D862BBF06E4004B1EA0 /* MediaViewReducer.swift in Sources */ = {isa = PBXBuildFile; fileRef = 705F9D852BBF06E4004B1EA0 /* MediaViewReducer.swift */; };
		705F9D882BBF0D81004B1EA0 /* MediaSortOrder.swift in Sources */ = {isa = PBXBuildFile; fileRef = 705F9D872BBF0D81004B1EA0 /* MediaSortOrder.swift */; };
		705F9D8A2BBF1CDB004B1EA0 /* MediaCollectionView.swift in Sources */ = {isa = PBXBuildFile; fileRef = 705F9D892BBF1CDB004B1EA0 /* MediaCollectionView.swift */; };
		705F9D942BBFB99E004B1EA0 /* DetailsViewReducer.swift in Sources */ = {isa = PBXBuildFile; fileRef = 705F9D932BBFB99E004B1EA0 /* DetailsViewReducer.swift */; };
		705F9D962BBFB9BE004B1EA0 /* DetailsView.swift in Sources */ = {isa = PBXBuildFile; fileRef = 705F9D952BBFB9BE004B1EA0 /* DetailsView.swift */; };
		705F9D982BBFBEC7004B1EA0 /* DetailsCell.swift in Sources */ = {isa = PBXBuildFile; fileRef = 705F9D972BBFBEC7004B1EA0 /* DetailsCell.swift */; };
		705F9D9A2BBFCCB6004B1EA0 /* Cast.swift in Sources */ = {isa = PBXBuildFile; fileRef = 705F9D992BBFCCB6004B1EA0 /* Cast.swift */; };
		705F9D9C2BBFD02B004B1EA0 /* CastView.swift in Sources */ = {isa = PBXBuildFile; fileRef = 705F9D9B2BBFD02B004B1EA0 /* CastView.swift */; };
		705F9DC22BC006D9004B1EA0 /* RootViewReducer.swift in Sources */ = {isa = PBXBuildFile; fileRef = 705F9DC12BC006D9004B1EA0 /* RootViewReducer.swift */; };
		705F9DC42BC007C4004B1EA0 /* FavouritesViewReducer.swift in Sources */ = {isa = PBXBuildFile; fileRef = 705F9DC32BC007C4004B1EA0 /* FavouritesViewReducer.swift */; };
		705F9DC62BC007E4004B1EA0 /* FavouritesView.swift in Sources */ = {isa = PBXBuildFile; fileRef = 705F9DC52BC007E4004B1EA0 /* FavouritesView.swift */; };
		705F9DC92BC19562004B1EA0 /* Review.swift in Sources */ = {isa = PBXBuildFile; fileRef = 705F9DC82BC19562004B1EA0 /* Review.swift */; };
		705F9DCB2BC198F5004B1EA0 /* ReviewView.swift in Sources */ = {isa = PBXBuildFile; fileRef = 705F9DCA2BC198F5004B1EA0 /* ReviewView.swift */; };
		70C8DC832BF62A250046E066 /* Constants.swift in Sources */ = {isa = PBXBuildFile; fileRef = 70C8DC822BF62A250046E066 /* Constants.swift */; };
		70C8DC852BF62E940046E066 /* Endpoint.swift in Sources */ = {isa = PBXBuildFile; fileRef = 70C8DC842BF62E940046E066 /* Endpoint.swift */; };
/* End PBXBuildFile section */

/* Begin PBXContainerItemProxy section */
		7055497A2C0EBCE3005F0E16 /* PBXContainerItemProxy */ = {
			isa = PBXContainerItemProxy;
			containerPortal = 705F9D4F2BBED48B004B1EA0 /* Project object */;
			proxyType = 1;
			remoteGlobalIDString = 705F9D562BBED48B004B1EA0;
			remoteInfo = TheMovieDatabase_TCA;
		};
/* End PBXContainerItemProxy section */

/* Begin PBXFileReference section */
		7021BC7B2BFE1A3100FBEAFC /* Routes.swift */ = {isa = PBXFileReference; lastKnownFileType = sourcecode.swift; path = Routes.swift; sourceTree = "<group>"; };
		705549762C0EBCE3005F0E16 /* TheMovieDatabase_TCATests.xctest */ = {isa = PBXFileReference; explicitFileType = wrapper.cfbundle; includeInIndex = 0; path = TheMovieDatabase_TCATests.xctest; sourceTree = BUILT_PRODUCTS_DIR; };
		7055497F2C0EBDC4005F0E16 /* HomeViewTests.swift */ = {isa = PBXFileReference; lastKnownFileType = sourcecode.swift; path = HomeViewTests.swift; sourceTree = "<group>"; };
		705549812C0F20C7005F0E16 /* DetailsViewTests.swift */ = {isa = PBXFileReference; lastKnownFileType = sourcecode.swift; path = DetailsViewTests.swift; sourceTree = "<group>"; };
		705549832C0F2B8C005F0E16 /* MediaViewTests.swift */ = {isa = PBXFileReference; lastKnownFileType = sourcecode.swift; path = MediaViewTests.swift; sourceTree = "<group>"; };
		705F9D572BBED48B004B1EA0 /* TheMovieDatabase_TCA.app */ = {isa = PBXFileReference; explicitFileType = wrapper.application; includeInIndex = 0; path = TheMovieDatabase_TCA.app; sourceTree = BUILT_PRODUCTS_DIR; };
		705F9D5A2BBED48B004B1EA0 /* TheMovieDatabase_TCAApp.swift */ = {isa = PBXFileReference; lastKnownFileType = sourcecode.swift; path = TheMovieDatabase_TCAApp.swift; sourceTree = "<group>"; };
		705F9D5C2BBED48B004B1EA0 /* RootView.swift */ = {isa = PBXFileReference; lastKnownFileType = sourcecode.swift; path = RootView.swift; sourceTree = "<group>"; };
		705F9D5E2BBED48C004B1EA0 /* Assets.xcassets */ = {isa = PBXFileReference; lastKnownFileType = folder.assetcatalog; path = Assets.xcassets; sourceTree = "<group>"; };
		705F9D612BBED48C004B1EA0 /* Preview Assets.xcassets */ = {isa = PBXFileReference; lastKnownFileType = folder.assetcatalog; path = "Preview Assets.xcassets"; sourceTree = "<group>"; };
		705F9D6F2BBEE0B9004B1EA0 /* NetworkUtility.swift */ = {isa = PBXFileReference; lastKnownFileType = sourcecode.swift; path = NetworkUtility.swift; sourceTree = "<group>"; };
		705F9D722BBEE1D5004B1EA0 /* HomeView.swift */ = {isa = PBXFileReference; lastKnownFileType = sourcecode.swift; path = HomeView.swift; sourceTree = "<group>"; };
		705F9D742BBEE1E6004B1EA0 /* HomeViewReducer.swift */ = {isa = PBXFileReference; lastKnownFileType = sourcecode.swift; path = HomeViewReducer.swift; sourceTree = "<group>"; };
		705F9D762BBEE289004B1EA0 /* Media.swift */ = {isa = PBXFileReference; lastKnownFileType = sourcecode.swift; path = Media.swift; sourceTree = "<group>"; };
		705F9D782BBEE322004B1EA0 /* APIClient.swift */ = {isa = PBXFileReference; lastKnownFileType = sourcecode.swift; path = APIClient.swift; sourceTree = "<group>"; };
		705F9D7A2BBEE36D004B1EA0 /* MediaCell.swift */ = {isa = PBXFileReference; lastKnownFileType = sourcecode.swift; path = MediaCell.swift; sourceTree = "<group>"; };
		705F9D7E2BBEF83E004B1EA0 /* HomeSectionData.swift */ = {isa = PBXFileReference; lastKnownFileType = sourcecode.swift; path = HomeSectionData.swift; sourceTree = "<group>"; };
		705F9D802BBEFC7D004B1EA0 /* SearchResultCell.swift */ = {isa = PBXFileReference; lastKnownFileType = sourcecode.swift; path = SearchResultCell.swift; sourceTree = "<group>"; };
		705F9D832BBF06CD004B1EA0 /* MediaView.swift */ = {isa = PBXFileReference; lastKnownFileType = sourcecode.swift; path = MediaView.swift; sourceTree = "<group>"; };
		705F9D852BBF06E4004B1EA0 /* MediaViewReducer.swift */ = {isa = PBXFileReference; lastKnownFileType = sourcecode.swift; path = MediaViewReducer.swift; sourceTree = "<group>"; };
		705F9D872BBF0D81004B1EA0 /* MediaSortOrder.swift */ = {isa = PBXFileReference; lastKnownFileType = sourcecode.swift; path = MediaSortOrder.swift; sourceTree = "<group>"; };
		705F9D892BBF1CDB004B1EA0 /* MediaCollectionView.swift */ = {isa = PBXFileReference; lastKnownFileType = sourcecode.swift; path = MediaCollectionView.swift; sourceTree = "<group>"; };
		705F9D932BBFB99E004B1EA0 /* DetailsViewReducer.swift */ = {isa = PBXFileReference; lastKnownFileType = sourcecode.swift; path = DetailsViewReducer.swift; sourceTree = "<group>"; };
		705F9D952BBFB9BE004B1EA0 /* DetailsView.swift */ = {isa = PBXFileReference; lastKnownFileType = sourcecode.swift; path = DetailsView.swift; sourceTree = "<group>"; };
		705F9D972BBFBEC7004B1EA0 /* DetailsCell.swift */ = {isa = PBXFileReference; lastKnownFileType = sourcecode.swift; path = DetailsCell.swift; sourceTree = "<group>"; };
		705F9D992BBFCCB6004B1EA0 /* Cast.swift */ = {isa = PBXFileReference; lastKnownFileType = sourcecode.swift; path = Cast.swift; sourceTree = "<group>"; };
		705F9D9B2BBFD02B004B1EA0 /* CastView.swift */ = {isa = PBXFileReference; lastKnownFileType = sourcecode.swift; path = CastView.swift; sourceTree = "<group>"; };
		705F9DC12BC006D9004B1EA0 /* RootViewReducer.swift */ = {isa = PBXFileReference; lastKnownFileType = sourcecode.swift; path = RootViewReducer.swift; sourceTree = "<group>"; };
		705F9DC32BC007C4004B1EA0 /* FavouritesViewReducer.swift */ = {isa = PBXFileReference; lastKnownFileType = sourcecode.swift; path = FavouritesViewReducer.swift; sourceTree = "<group>"; };
		705F9DC52BC007E4004B1EA0 /* FavouritesView.swift */ = {isa = PBXFileReference; lastKnownFileType = sourcecode.swift; path = FavouritesView.swift; sourceTree = "<group>"; };
		705F9DC82BC19562004B1EA0 /* Review.swift */ = {isa = PBXFileReference; lastKnownFileType = sourcecode.swift; path = Review.swift; sourceTree = "<group>"; };
		705F9DCA2BC198F5004B1EA0 /* ReviewView.swift */ = {isa = PBXFileReference; lastKnownFileType = sourcecode.swift; path = ReviewView.swift; sourceTree = "<group>"; };
		70C8DC822BF62A250046E066 /* Constants.swift */ = {isa = PBXFileReference; lastKnownFileType = sourcecode.swift; path = Constants.swift; sourceTree = "<group>"; };
		70C8DC842BF62E940046E066 /* Endpoint.swift */ = {isa = PBXFileReference; lastKnownFileType = sourcecode.swift; path = Endpoint.swift; sourceTree = "<group>"; };
/* End PBXFileReference section */

/* Begin PBXFrameworksBuildPhase section */
		705549732C0EBCE3005F0E16 /* Frameworks */ = {
			isa = PBXFrameworksBuildPhase;
			buildActionMask = 2147483647;
			files = (
			);
			runOnlyForDeploymentPostprocessing = 0;
		};
		705F9D542BBED48B004B1EA0 /* Frameworks */ = {
			isa = PBXFrameworksBuildPhase;
			buildActionMask = 2147483647;
			files = (
				705F9D6A2BBED8B9004B1EA0 /* ComposableArchitecture in Frameworks */,
				7021BC802BFF160700FBEAFC /* NukeUI in Frameworks */,
			);
			runOnlyForDeploymentPostprocessing = 0;
		};
/* End PBXFrameworksBuildPhase section */

/* Begin PBXGroup section */
		7021BC7E2BFF160700FBEAFC /* Frameworks */ = {
			isa = PBXGroup;
			children = (
			);
			name = Frameworks;
			sourceTree = "<group>";
		};
		705549772C0EBCE3005F0E16 /* TheMovieDatabase_TCATests */ = {
			isa = PBXGroup;
			children = (
				7055497F2C0EBDC4005F0E16 /* HomeViewTests.swift */,
				705549812C0F20C7005F0E16 /* DetailsViewTests.swift */,
				705549832C0F2B8C005F0E16 /* MediaViewTests.swift */,
			);
			path = TheMovieDatabase_TCATests;
			sourceTree = "<group>";
		};
		705F9D4E2BBED48B004B1EA0 = {
			isa = PBXGroup;
			children = (
				705F9D592BBED48B004B1EA0 /* TheMovieDatabase_TCA */,
				705549772C0EBCE3005F0E16 /* TheMovieDatabase_TCATests */,
				705F9D582BBED48B004B1EA0 /* Products */,
				7021BC7E2BFF160700FBEAFC /* Frameworks */,
			);
			sourceTree = "<group>";
		};
		705F9D582BBED48B004B1EA0 /* Products */ = {
			isa = PBXGroup;
			children = (
				705F9D572BBED48B004B1EA0 /* TheMovieDatabase_TCA.app */,
				705549762C0EBCE3005F0E16 /* TheMovieDatabase_TCATests.xctest */,
			);
			name = Products;
			sourceTree = "<group>";
		};
		705F9D592BBED48B004B1EA0 /* TheMovieDatabase_TCA */ = {
			isa = PBXGroup;
			children = (
				705F9D6E2BBEE0A3004B1EA0 /* Network */,
				705F9D6D2BBEE09A004B1EA0 /* Modals */,
				705F9D6B2BBEE084004B1EA0 /* Views */,
				705F9D6C2BBEE08A004B1EA0 /* Screens */,
				705F9D5A2BBED48B004B1EA0 /* TheMovieDatabase_TCAApp.swift */,
				705F9D5E2BBED48C004B1EA0 /* Assets.xcassets */,
				705F9D602BBED48C004B1EA0 /* Preview Content */,
			);
			path = TheMovieDatabase_TCA;
			sourceTree = "<group>";
		};
		705F9D602BBED48C004B1EA0 /* Preview Content */ = {
			isa = PBXGroup;
			children = (
				705F9D612BBED48C004B1EA0 /* Preview Assets.xcassets */,
			);
			path = "Preview Content";
			sourceTree = "<group>";
		};
		705F9D6B2BBEE084004B1EA0 /* Views */ = {
			isa = PBXGroup;
			children = (
				705F9D7A2BBEE36D004B1EA0 /* MediaCell.swift */,
				705F9D802BBEFC7D004B1EA0 /* SearchResultCell.swift */,
				705F9D892BBF1CDB004B1EA0 /* MediaCollectionView.swift */,
				705F9D972BBFBEC7004B1EA0 /* DetailsCell.swift */,
				705F9D9B2BBFD02B004B1EA0 /* CastView.swift */,
				705F9DCA2BC198F5004B1EA0 /* ReviewView.swift */,
			);
			path = Views;
			sourceTree = "<group>";
		};
		705F9D6C2BBEE08A004B1EA0 /* Screens */ = {
			isa = PBXGroup;
			children = (
				705F9DCC2BC1B530004B1EA0 /* Root View */,
				705F9D712BBEE0E6004B1EA0 /* Home */,
				705F9D822BBF06B6004B1EA0 /* Movies & TV Shows */,
				705F9DC02BC00595004B1EA0 /* Favourites */,
				705F9D922BBFB946004B1EA0 /* Details View */,
			);
			path = Screens;
			sourceTree = "<group>";
		};
		705F9D6D2BBEE09A004B1EA0 /* Modals */ = {
			isa = PBXGroup;
			children = (
				705F9D762BBEE289004B1EA0 /* Media.swift */,
				705F9D7E2BBEF83E004B1EA0 /* HomeSectionData.swift */,
				705F9D872BBF0D81004B1EA0 /* MediaSortOrder.swift */,
				705F9D992BBFCCB6004B1EA0 /* Cast.swift */,
				705F9DC82BC19562004B1EA0 /* Review.swift */,
			);
			path = Modals;
			sourceTree = "<group>";
		};
		705F9D6E2BBEE0A3004B1EA0 /* Network */ = {
			isa = PBXGroup;
			children = (
				70C8DC822BF62A250046E066 /* Constants.swift */,
				705F9D6F2BBEE0B9004B1EA0 /* NetworkUtility.swift */,
				705F9D782BBEE322004B1EA0 /* APIClient.swift */,
				70C8DC842BF62E940046E066 /* Endpoint.swift */,
				7021BC7B2BFE1A3100FBEAFC /* Routes.swift */,
			);
			path = Network;
			sourceTree = "<group>";
		};
		705F9D712BBEE0E6004B1EA0 /* Home */ = {
			isa = PBXGroup;
			children = (
				705F9D722BBEE1D5004B1EA0 /* HomeView.swift */,
				705F9D742BBEE1E6004B1EA0 /* HomeViewReducer.swift */,
			);
			path = Home;
			sourceTree = "<group>";
		};
		705F9D822BBF06B6004B1EA0 /* Movies & TV Shows */ = {
			isa = PBXGroup;
			children = (
				705F9D832BBF06CD004B1EA0 /* MediaView.swift */,
				705F9D852BBF06E4004B1EA0 /* MediaViewReducer.swift */,
			);
			path = "Movies & TV Shows";
			sourceTree = "<group>";
		};
		705F9D922BBFB946004B1EA0 /* Details View */ = {
			isa = PBXGroup;
			children = (
				705F9D952BBFB9BE004B1EA0 /* DetailsView.swift */,
				705F9D932BBFB99E004B1EA0 /* DetailsViewReducer.swift */,
			);
			path = "Details View";
			sourceTree = "<group>";
		};
		705F9DC02BC00595004B1EA0 /* Favourites */ = {
			isa = PBXGroup;
			children = (
				705F9DC52BC007E4004B1EA0 /* FavouritesView.swift */,
				705F9DC32BC007C4004B1EA0 /* FavouritesViewReducer.swift */,
			);
			path = Favourites;
			sourceTree = "<group>";
		};
		705F9DCC2BC1B530004B1EA0 /* Root View */ = {
			isa = PBXGroup;
			children = (
				705F9D5C2BBED48B004B1EA0 /* RootView.swift */,
				705F9DC12BC006D9004B1EA0 /* RootViewReducer.swift */,
			);
			path = "Root View";
			sourceTree = "<group>";
		};
/* End PBXGroup section */

/* Begin PBXNativeTarget section */
		705549752C0EBCE3005F0E16 /* TheMovieDatabase_TCATests */ = {
			isa = PBXNativeTarget;
			buildConfigurationList = 7055497E2C0EBCE3005F0E16 /* Build configuration list for PBXNativeTarget "TheMovieDatabase_TCATests" */;
			buildPhases = (
				705549722C0EBCE3005F0E16 /* Sources */,
				705549732C0EBCE3005F0E16 /* Frameworks */,
				705549742C0EBCE3005F0E16 /* Resources */,
			);
			buildRules = (
			);
			dependencies = (
				7055497B2C0EBCE3005F0E16 /* PBXTargetDependency */,
			);
			name = TheMovieDatabase_TCATests;
			productName = TheMovieDatabase_TCATests;
			productReference = 705549762C0EBCE3005F0E16 /* TheMovieDatabase_TCATests.xctest */;
			productType = "com.apple.product-type.bundle.unit-test";
		};
		705F9D562BBED48B004B1EA0 /* TheMovieDatabase_TCA */ = {
			isa = PBXNativeTarget;
			buildConfigurationList = 705F9D652BBED48C004B1EA0 /* Build configuration list for PBXNativeTarget "TheMovieDatabase_TCA" */;
			buildPhases = (
				705F9D532BBED48B004B1EA0 /* Sources */,
				705F9D542BBED48B004B1EA0 /* Frameworks */,
				705F9D552BBED48B004B1EA0 /* Resources */,
			);
			buildRules = (
			);
			dependencies = (
			);
			name = TheMovieDatabase_TCA;
			packageProductDependencies = (
				705F9D692BBED8B9004B1EA0 /* ComposableArchitecture */,
				7021BC7F2BFF160700FBEAFC /* NukeUI */,
			);
			productName = TheMovieDatabase_TCA;
			productReference = 705F9D572BBED48B004B1EA0 /* TheMovieDatabase_TCA.app */;
			productType = "com.apple.product-type.application";
		};
/* End PBXNativeTarget section */

/* Begin PBXProject section */
		705F9D4F2BBED48B004B1EA0 /* Project object */ = {
			isa = PBXProject;
			attributes = {
				BuildIndependentTargetsInParallel = 1;
				LastSwiftUpdateCheck = 1540;
				LastUpgradeCheck = 1530;
				TargetAttributes = {
					705549752C0EBCE3005F0E16 = {
						CreatedOnToolsVersion = 15.4;
						TestTargetID = 705F9D562BBED48B004B1EA0;
					};
					705F9D562BBED48B004B1EA0 = {
						CreatedOnToolsVersion = 15.3;
					};
				};
			};
			buildConfigurationList = 705F9D522BBED48B004B1EA0 /* Build configuration list for PBXProject "TheMovieDatabase_TCA" */;
			compatibilityVersion = "Xcode 14.0";
			developmentRegion = en;
			hasScannedForEncodings = 0;
			knownRegions = (
				en,
				Base,
			);
			mainGroup = 705F9D4E2BBED48B004B1EA0;
			packageReferences = (
				705F9D682BBED8B9004B1EA0 /* XCRemoteSwiftPackageReference "swift-composable-architecture" */,
				7021BC7D2BFF113200FBEAFC /* XCRemoteSwiftPackageReference "Nuke" */,
			);
			productRefGroup = 705F9D582BBED48B004B1EA0 /* Products */;
			projectDirPath = "";
			projectRoot = "";
			targets = (
				705F9D562BBED48B004B1EA0 /* TheMovieDatabase_TCA */,
				705549752C0EBCE3005F0E16 /* TheMovieDatabase_TCATests */,
			);
		};
/* End PBXProject section */

/* Begin PBXResourcesBuildPhase section */
		705549742C0EBCE3005F0E16 /* Resources */ = {
			isa = PBXResourcesBuildPhase;
			buildActionMask = 2147483647;
			files = (
			);
			runOnlyForDeploymentPostprocessing = 0;
		};
		705F9D552BBED48B004B1EA0 /* Resources */ = {
			isa = PBXResourcesBuildPhase;
			buildActionMask = 2147483647;
			files = (
				705F9D622BBED48C004B1EA0 /* Preview Assets.xcassets in Resources */,
				705F9D5F2BBED48C004B1EA0 /* Assets.xcassets in Resources */,
			);
			runOnlyForDeploymentPostprocessing = 0;
		};
/* End PBXResourcesBuildPhase section */

/* Begin PBXSourcesBuildPhase section */
		705549722C0EBCE3005F0E16 /* Sources */ = {
			isa = PBXSourcesBuildPhase;
			buildActionMask = 2147483647;
			files = (
				705549842C0F2B8C005F0E16 /* MediaViewTests.swift in Sources */,
				705549802C0EBDC4005F0E16 /* HomeViewTests.swift in Sources */,
				705549822C0F20C7005F0E16 /* DetailsViewTests.swift in Sources */,
			);
			runOnlyForDeploymentPostprocessing = 0;
		};
		705F9D532BBED48B004B1EA0 /* Sources */ = {
			isa = PBXSourcesBuildPhase;
			buildActionMask = 2147483647;
			files = (
				705F9D982BBFBEC7004B1EA0 /* DetailsCell.swift in Sources */,
				7021BC7C2BFE1A3100FBEAFC /* Routes.swift in Sources */,
				705F9D9A2BBFCCB6004B1EA0 /* Cast.swift in Sources */,
				705F9D9C2BBFD02B004B1EA0 /* CastView.swift in Sources */,
				705F9D842BBF06CD004B1EA0 /* MediaView.swift in Sources */,
				705F9D752BBEE1E6004B1EA0 /* HomeViewReducer.swift in Sources */,
				705F9D862BBF06E4004B1EA0 /* MediaViewReducer.swift in Sources */,
				705F9D882BBF0D81004B1EA0 /* MediaSortOrder.swift in Sources */,
				705F9D792BBEE322004B1EA0 /* APIClient.swift in Sources */,
				705F9DC92BC19562004B1EA0 /* Review.swift in Sources */,
				705F9DC62BC007E4004B1EA0 /* FavouritesView.swift in Sources */,
				70C8DC852BF62E940046E066 /* Endpoint.swift in Sources */,
				705F9D7B2BBEE36D004B1EA0 /* MediaCell.swift in Sources */,
				705F9D5D2BBED48B004B1EA0 /* RootView.swift in Sources */,
				705F9DC42BC007C4004B1EA0 /* FavouritesViewReducer.swift in Sources */,
				705F9D8A2BBF1CDB004B1EA0 /* MediaCollectionView.swift in Sources */,
				705F9D772BBEE289004B1EA0 /* Media.swift in Sources */,
				705F9D732BBEE1D5004B1EA0 /* HomeView.swift in Sources */,
				705F9DCB2BC198F5004B1EA0 /* ReviewView.swift in Sources */,
				705F9D7F2BBEF83E004B1EA0 /* HomeSectionData.swift in Sources */,
				705F9D702BBEE0B9004B1EA0 /* NetworkUtility.swift in Sources */,
				70C8DC832BF62A250046E066 /* Constants.swift in Sources */,
				705F9D942BBFB99E004B1EA0 /* DetailsViewReducer.swift in Sources */,
				705F9D962BBFB9BE004B1EA0 /* DetailsView.swift in Sources */,
				705F9DC22BC006D9004B1EA0 /* RootViewReducer.swift in Sources */,
				705F9D812BBEFC7D004B1EA0 /* SearchResultCell.swift in Sources */,
				705F9D5B2BBED48B004B1EA0 /* TheMovieDatabase_TCAApp.swift in Sources */,
			);
			runOnlyForDeploymentPostprocessing = 0;
		};
/* End PBXSourcesBuildPhase section */

/* Begin PBXTargetDependency section */
		7055497B2C0EBCE3005F0E16 /* PBXTargetDependency */ = {
			isa = PBXTargetDependency;
			target = 705F9D562BBED48B004B1EA0 /* TheMovieDatabase_TCA */;
			targetProxy = 7055497A2C0EBCE3005F0E16 /* PBXContainerItemProxy */;
		};
/* End PBXTargetDependency section */

/* Begin XCBuildConfiguration section */
		7055497C2C0EBCE3005F0E16 /* Debug */ = {
			isa = XCBuildConfiguration;
			buildSettings = {
				BUNDLE_LOADER = "$(TEST_HOST)";
				CODE_SIGN_STYLE = Automatic;
				CURRENT_PROJECT_VERSION = 1;
				DEVELOPMENT_TEAM = 3CH6ZBU3MW;
				GENERATE_INFOPLIST_FILE = YES;
				IPHONEOS_DEPLOYMENT_TARGET = 17.5;
				MACOSX_DEPLOYMENT_TARGET = 14.4;
				MARKETING_VERSION = 1.0;
				PRODUCT_BUNDLE_IDENTIFIER = "com.koushik.TheMovieDatabase-TCATests";
				PRODUCT_NAME = "$(TARGET_NAME)";
				SDKROOT = auto;
				SUPPORTED_PLATFORMS = "iphoneos iphonesimulator macosx";
				SWIFT_EMIT_LOC_STRINGS = NO;
				SWIFT_VERSION = 5.0;
				TARGETED_DEVICE_FAMILY = "1,2";
				TEST_HOST = "$(BUILT_PRODUCTS_DIR)/TheMovieDatabase_TCA.app/$(BUNDLE_EXECUTABLE_FOLDER_PATH)/TheMovieDatabase_TCA";
			};
			name = Debug;
		};
		7055497D2C0EBCE3005F0E16 /* Release */ = {
			isa = XCBuildConfiguration;
			buildSettings = {
				BUNDLE_LOADER = "$(TEST_HOST)";
				CODE_SIGN_STYLE = Automatic;
				CURRENT_PROJECT_VERSION = 1;
				DEVELOPMENT_TEAM = 3CH6ZBU3MW;
				GENERATE_INFOPLIST_FILE = YES;
				IPHONEOS_DEPLOYMENT_TARGET = 17.5;
				MACOSX_DEPLOYMENT_TARGET = 14.4;
				MARKETING_VERSION = 1.0;
				PRODUCT_BUNDLE_IDENTIFIER = "com.koushik.TheMovieDatabase-TCATests";
				PRODUCT_NAME = "$(TARGET_NAME)";
				SDKROOT = auto;
				SUPPORTED_PLATFORMS = "iphoneos iphonesimulator macosx";
				SWIFT_EMIT_LOC_STRINGS = NO;
				SWIFT_VERSION = 5.0;
				TARGETED_DEVICE_FAMILY = "1,2";
				TEST_HOST = "$(BUILT_PRODUCTS_DIR)/TheMovieDatabase_TCA.app/$(BUNDLE_EXECUTABLE_FOLDER_PATH)/TheMovieDatabase_TCA";
			};
			name = Release;
		};
		705F9D632BBED48C004B1EA0 /* Debug */ = {
			isa = XCBuildConfiguration;
			buildSettings = {
				ALWAYS_SEARCH_USER_PATHS = NO;
				ASSETCATALOG_COMPILER_GENERATE_SWIFT_ASSET_SYMBOL_EXTENSIONS = YES;
				CLANG_ANALYZER_NONNULL = YES;
				CLANG_ANALYZER_NUMBER_OBJECT_CONVERSION = YES_AGGRESSIVE;
				CLANG_CXX_LANGUAGE_STANDARD = "gnu++20";
				CLANG_ENABLE_MODULES = YES;
				CLANG_ENABLE_OBJC_ARC = YES;
				CLANG_ENABLE_OBJC_WEAK = YES;
				CLANG_WARN_BLOCK_CAPTURE_AUTORELEASING = YES;
				CLANG_WARN_BOOL_CONVERSION = YES;
				CLANG_WARN_COMMA = YES;
				CLANG_WARN_CONSTANT_CONVERSION = YES;
				CLANG_WARN_DEPRECATED_OBJC_IMPLEMENTATIONS = YES;
				CLANG_WARN_DIRECT_OBJC_ISA_USAGE = YES_ERROR;
				CLANG_WARN_DOCUMENTATION_COMMENTS = YES;
				CLANG_WARN_EMPTY_BODY = YES;
				CLANG_WARN_ENUM_CONVERSION = YES;
				CLANG_WARN_INFINITE_RECURSION = YES;
				CLANG_WARN_INT_CONVERSION = YES;
				CLANG_WARN_NON_LITERAL_NULL_CONVERSION = YES;
				CLANG_WARN_OBJC_IMPLICIT_RETAIN_SELF = YES;
				CLANG_WARN_OBJC_LITERAL_CONVERSION = YES;
				CLANG_WARN_OBJC_ROOT_CLASS = YES_ERROR;
				CLANG_WARN_QUOTED_INCLUDE_IN_FRAMEWORK_HEADER = YES;
				CLANG_WARN_RANGE_LOOP_ANALYSIS = YES;
				CLANG_WARN_STRICT_PROTOTYPES = YES;
				CLANG_WARN_SUSPICIOUS_MOVE = YES;
				CLANG_WARN_UNGUARDED_AVAILABILITY = YES_AGGRESSIVE;
				CLANG_WARN_UNREACHABLE_CODE = YES;
				CLANG_WARN__DUPLICATE_METHOD_MATCH = YES;
				COPY_PHASE_STRIP = NO;
				DEBUG_INFORMATION_FORMAT = dwarf;
				ENABLE_STRICT_OBJC_MSGSEND = YES;
				ENABLE_TESTABILITY = YES;
				ENABLE_USER_SCRIPT_SANDBOXING = YES;
				GCC_C_LANGUAGE_STANDARD = gnu17;
				GCC_DYNAMIC_NO_PIC = NO;
				GCC_NO_COMMON_BLOCKS = YES;
				GCC_OPTIMIZATION_LEVEL = 0;
				GCC_PREPROCESSOR_DEFINITIONS = (
					"DEBUG=1",
					"$(inherited)",
				);
				GCC_WARN_64_TO_32_BIT_CONVERSION = YES;
				GCC_WARN_ABOUT_RETURN_TYPE = YES_ERROR;
				GCC_WARN_UNDECLARED_SELECTOR = YES;
				GCC_WARN_UNINITIALIZED_AUTOS = YES_AGGRESSIVE;
				GCC_WARN_UNUSED_FUNCTION = YES;
				GCC_WARN_UNUSED_VARIABLE = YES;
				IPHONEOS_DEPLOYMENT_TARGET = 17.4;
				LOCALIZATION_PREFERS_STRING_CATALOGS = YES;
				MTL_ENABLE_DEBUG_INFO = INCLUDE_SOURCE;
				MTL_FAST_MATH = YES;
				ONLY_ACTIVE_ARCH = YES;
				SDKROOT = iphoneos;
				SWIFT_ACTIVE_COMPILATION_CONDITIONS = "DEBUG $(inherited)";
				SWIFT_OPTIMIZATION_LEVEL = "-Onone";
			};
			name = Debug;
		};
		705F9D642BBED48C004B1EA0 /* Release */ = {
			isa = XCBuildConfiguration;
			buildSettings = {
				ALWAYS_SEARCH_USER_PATHS = NO;
				ASSETCATALOG_COMPILER_GENERATE_SWIFT_ASSET_SYMBOL_EXTENSIONS = YES;
				CLANG_ANALYZER_NONNULL = YES;
				CLANG_ANALYZER_NUMBER_OBJECT_CONVERSION = YES_AGGRESSIVE;
				CLANG_CXX_LANGUAGE_STANDARD = "gnu++20";
				CLANG_ENABLE_MODULES = YES;
				CLANG_ENABLE_OBJC_ARC = YES;
				CLANG_ENABLE_OBJC_WEAK = YES;
				CLANG_WARN_BLOCK_CAPTURE_AUTORELEASING = YES;
				CLANG_WARN_BOOL_CONVERSION = YES;
				CLANG_WARN_COMMA = YES;
				CLANG_WARN_CONSTANT_CONVERSION = YES;
				CLANG_WARN_DEPRECATED_OBJC_IMPLEMENTATIONS = YES;
				CLANG_WARN_DIRECT_OBJC_ISA_USAGE = YES_ERROR;
				CLANG_WARN_DOCUMENTATION_COMMENTS = YES;
				CLANG_WARN_EMPTY_BODY = YES;
				CLANG_WARN_ENUM_CONVERSION = YES;
				CLANG_WARN_INFINITE_RECURSION = YES;
				CLANG_WARN_INT_CONVERSION = YES;
				CLANG_WARN_NON_LITERAL_NULL_CONVERSION = YES;
				CLANG_WARN_OBJC_IMPLICIT_RETAIN_SELF = YES;
				CLANG_WARN_OBJC_LITERAL_CONVERSION = YES;
				CLANG_WARN_OBJC_ROOT_CLASS = YES_ERROR;
				CLANG_WARN_QUOTED_INCLUDE_IN_FRAMEWORK_HEADER = YES;
				CLANG_WARN_RANGE_LOOP_ANALYSIS = YES;
				CLANG_WARN_STRICT_PROTOTYPES = YES;
				CLANG_WARN_SUSPICIOUS_MOVE = YES;
				CLANG_WARN_UNGUARDED_AVAILABILITY = YES_AGGRESSIVE;
				CLANG_WARN_UNREACHABLE_CODE = YES;
				CLANG_WARN__DUPLICATE_METHOD_MATCH = YES;
				COPY_PHASE_STRIP = NO;
				DEBUG_INFORMATION_FORMAT = "dwarf-with-dsym";
				ENABLE_NS_ASSERTIONS = NO;
				ENABLE_STRICT_OBJC_MSGSEND = YES;
				ENABLE_USER_SCRIPT_SANDBOXING = YES;
				GCC_C_LANGUAGE_STANDARD = gnu17;
				GCC_NO_COMMON_BLOCKS = YES;
				GCC_WARN_64_TO_32_BIT_CONVERSION = YES;
				GCC_WARN_ABOUT_RETURN_TYPE = YES_ERROR;
				GCC_WARN_UNDECLARED_SELECTOR = YES;
				GCC_WARN_UNINITIALIZED_AUTOS = YES_AGGRESSIVE;
				GCC_WARN_UNUSED_FUNCTION = YES;
				GCC_WARN_UNUSED_VARIABLE = YES;
				IPHONEOS_DEPLOYMENT_TARGET = 17.4;
				LOCALIZATION_PREFERS_STRING_CATALOGS = YES;
				MTL_ENABLE_DEBUG_INFO = NO;
				MTL_FAST_MATH = YES;
				SDKROOT = iphoneos;
				SWIFT_COMPILATION_MODE = wholemodule;
				VALIDATE_PRODUCT = YES;
			};
			name = Release;
		};
		705F9D662BBED48C004B1EA0 /* Debug */ = {
			isa = XCBuildConfiguration;
			buildSettings = {
				ASSETCATALOG_COMPILER_APPICON_NAME = AppIcon;
				ASSETCATALOG_COMPILER_GLOBAL_ACCENT_COLOR_NAME = AccentColor;
				CODE_SIGN_STYLE = Automatic;
				CURRENT_PROJECT_VERSION = 1;
				DEVELOPMENT_ASSET_PATHS = "\"TheMovieDatabase_TCA/Preview Content\"";
				DEVELOPMENT_TEAM = 3CH6ZBU3MW;
				ENABLE_PREVIEWS = YES;
				GENERATE_INFOPLIST_FILE = YES;
				INFOPLIST_KEY_UIApplicationSceneManifest_Generation = YES;
				INFOPLIST_KEY_UIApplicationSupportsIndirectInputEvents = YES;
				INFOPLIST_KEY_UILaunchScreen_Generation = YES;
				INFOPLIST_KEY_UISupportedInterfaceOrientations_iPad = "UIInterfaceOrientationPortrait UIInterfaceOrientationPortraitUpsideDown UIInterfaceOrientationLandscapeLeft UIInterfaceOrientationLandscapeRight";
				INFOPLIST_KEY_UISupportedInterfaceOrientations_iPhone = "UIInterfaceOrientationPortrait UIInterfaceOrientationLandscapeLeft UIInterfaceOrientationLandscapeRight";
				LD_RUNPATH_SEARCH_PATHS = (
					"$(inherited)",
					"@executable_path/Frameworks",
				);
				MARKETING_VERSION = 1.0;
				PRODUCT_BUNDLE_IDENTIFIER = "com.koushik.TheMovieDatabase-TCA";
				PRODUCT_NAME = "$(TARGET_NAME)";
				SWIFT_EMIT_LOC_STRINGS = YES;
				SWIFT_VERSION = 5.0;
				TARGETED_DEVICE_FAMILY = "1,2";
			};
			name = Debug;
		};
		705F9D672BBED48C004B1EA0 /* Release */ = {
			isa = XCBuildConfiguration;
			buildSettings = {
				ASSETCATALOG_COMPILER_APPICON_NAME = AppIcon;
				ASSETCATALOG_COMPILER_GLOBAL_ACCENT_COLOR_NAME = AccentColor;
				CODE_SIGN_STYLE = Automatic;
				CURRENT_PROJECT_VERSION = 1;
				DEVELOPMENT_ASSET_PATHS = "\"TheMovieDatabase_TCA/Preview Content\"";
				DEVELOPMENT_TEAM = 3CH6ZBU3MW;
				ENABLE_PREVIEWS = YES;
				GENERATE_INFOPLIST_FILE = YES;
				INFOPLIST_KEY_UIApplicationSceneManifest_Generation = YES;
				INFOPLIST_KEY_UIApplicationSupportsIndirectInputEvents = YES;
				INFOPLIST_KEY_UILaunchScreen_Generation = YES;
				INFOPLIST_KEY_UISupportedInterfaceOrientations_iPad = "UIInterfaceOrientationPortrait UIInterfaceOrientationPortraitUpsideDown UIInterfaceOrientationLandscapeLeft UIInterfaceOrientationLandscapeRight";
				INFOPLIST_KEY_UISupportedInterfaceOrientations_iPhone = "UIInterfaceOrientationPortrait UIInterfaceOrientationLandscapeLeft UIInterfaceOrientationLandscapeRight";
				LD_RUNPATH_SEARCH_PATHS = (
					"$(inherited)",
					"@executable_path/Frameworks",
				);
				MARKETING_VERSION = 1.0;
				PRODUCT_BUNDLE_IDENTIFIER = "com.koushik.TheMovieDatabase-TCA";
				PRODUCT_NAME = "$(TARGET_NAME)";
				SWIFT_EMIT_LOC_STRINGS = YES;
				SWIFT_VERSION = 5.0;
				TARGETED_DEVICE_FAMILY = "1,2";
			};
			name = Release;
		};
/* End XCBuildConfiguration section */

/* Begin XCConfigurationList section */
		7055497E2C0EBCE3005F0E16 /* Build configuration list for PBXNativeTarget "TheMovieDatabase_TCATests" */ = {
			isa = XCConfigurationList;
			buildConfigurations = (
				7055497C2C0EBCE3005F0E16 /* Debug */,
				7055497D2C0EBCE3005F0E16 /* Release */,
			);
			defaultConfigurationIsVisible = 0;
			defaultConfigurationName = Release;
		};
		705F9D522BBED48B004B1EA0 /* Build configuration list for PBXProject "TheMovieDatabase_TCA" */ = {
			isa = XCConfigurationList;
			buildConfigurations = (
				705F9D632BBED48C004B1EA0 /* Debug */,
				705F9D642BBED48C004B1EA0 /* Release */,
			);
			defaultConfigurationIsVisible = 0;
			defaultConfigurationName = Release;
		};
		705F9D652BBED48C004B1EA0 /* Build configuration list for PBXNativeTarget "TheMovieDatabase_TCA" */ = {
			isa = XCConfigurationList;
			buildConfigurations = (
				705F9D662BBED48C004B1EA0 /* Debug */,
				705F9D672BBED48C004B1EA0 /* Release */,
			);
			defaultConfigurationIsVisible = 0;
			defaultConfigurationName = Release;
		};
/* End XCConfigurationList section */

/* Begin XCRemoteSwiftPackageReference section */
		7021BC7D2BFF113200FBEAFC /* XCRemoteSwiftPackageReference "Nuke" */ = {
			isa = XCRemoteSwiftPackageReference;
			repositoryURL = "https://github.com/kean/Nuke";
			requirement = {
				kind = upToNextMajorVersion;
				minimumVersion = 12.7.0;
			};
		};
		705F9D682BBED8B9004B1EA0 /* XCRemoteSwiftPackageReference "swift-composable-architecture" */ = {
			isa = XCRemoteSwiftPackageReference;
			repositoryURL = "https://github.com/pointfreeco/swift-composable-architecture";
			requirement = {
				kind = upToNextMajorVersion;
				minimumVersion = 1.9.2;
			};
		};
/* End XCRemoteSwiftPackageReference section */

/* Begin XCSwiftPackageProductDependency section */
		7021BC7F2BFF160700FBEAFC /* NukeUI */ = {
			isa = XCSwiftPackageProductDependency;
			package = 7021BC7D2BFF113200FBEAFC /* XCRemoteSwiftPackageReference "Nuke" */;
			productName = NukeUI;
		};
		705F9D692BBED8B9004B1EA0 /* ComposableArchitecture */ = {
			isa = XCSwiftPackageProductDependency;
			package = 705F9D682BBED8B9004B1EA0 /* XCRemoteSwiftPackageReference "swift-composable-architecture" */;
			productName = ComposableArchitecture;
		};
/* End XCSwiftPackageProductDependency section */
	};
	rootObject = 705F9D4F2BBED48B004B1EA0 /* Project object */;
}
